
Microsoft Visual Studio Solution File, Format Version 12.00
# Visual Studio 15
VisualStudioVersion = 15.0.26403.0
MinimumVisualStudioVersion = 10.0.40219.1
Project("{2150E333-8FDC-42A3-9474-1A3956D46DE8}") = "Solution Items", "Solution Items", "{D838216D-8FCB-4572-8BD1-478A32B30048}"
	ProjectSection(SolutionItems) = preProject
		README.md = README.md
	EndProjectSection
EndProject
Project("{FAE04EC0-301F-11D3-BF4B-00C04F79EFBC}") = "Grubhub.ProposedOrders", "Grubhub.ProposedOrders\Grubhub.ProposedOrders.csproj", "{55C553EA-DCE8-4C5C-BDF6-396B93E34C0A}"
EndProject
Project("{FAE04EC0-301F-11D3-BF4B-00C04F79EFBC}") = "Grubhub.ProposedOrders.Tests", "Grubhub.ProposedOrders.Tests\Grubhub.ProposedOrders.Tests.csproj", "{8D4C1742-8E61-435E-9C86-19D10270FA1C}"
EndProject
Global
	GlobalSection(SolutionConfigurationPlatforms) = preSolution
		Debug|Any CPU = Debug|Any CPU
		Release|Any CPU = Release|Any CPU
	EndGlobalSection
	GlobalSection(ProjectConfigurationPlatforms) = postSolution
		{55C553EA-DCE8-4C5C-BDF6-396B93E34C0A}.Debug|Any CPU.ActiveCfg = Debug|Any CPU
		{55C553EA-DCE8-4C5C-BDF6-396B93E34C0A}.Debug|Any CPU.Build.0 = Debug|Any CPU
		{55C553EA-DCE8-4C5C-BDF6-396B93E34C0A}.Release|Any CPU.ActiveCfg = Release|Any CPU
		{55C553EA-DCE8-4C5C-BDF6-396B93E34C0A}.Release|Any CPU.Build.0 = Release|Any CPU
		{8D4C1742-8E61-435E-9C86-19D10270FA1C}.Debug|Any CPU.ActiveCfg = Debug|Any CPU
		{8D4C1742-8E61-435E-9C86-19D10270FA1C}.Debug|Any CPU.Build.0 = Debug|Any CPU
		{8D4C1742-8E61-435E-9C86-19D10270FA1C}.Release|Any CPU.ActiveCfg = Release|Any CPU
		{8D4C1742-8E61-435E-9C86-19D10270FA1C}.Release|Any CPU.Build.0 = Release|Any CPU
	EndGlobalSection
	GlobalSection(SolutionProperties) = preSolution
		HideSolutionNode = FALSE
	EndGlobalSection
	GlobalSection(ExtensibilityGlobals) = postSolution
		SolutionGuid = {FEB7BD6B-50F6-4332-8B65-EA2276672EB8}
	EndGlobalSection
EndGlobal
