
Microsoft Visual Studio Solution File, Format Version 12.00
# Visual Studio 15
VisualStudioVersion = 15.0.26403.0
MinimumVisualStudioVersion = 10.0.40219.1
Project("{FAE04EC0-301F-11D3-BF4B-00C04F79EFBC}") = "LevelUp.Pos.ProposedOrderCalculator", "LevelUp.Pos.ProposedOrderCalculator\LevelUp.Pos.ProposedOrderCalculator.csproj", "{F37D7723-D6CD-4880-8D1C-A38BE2924FA8}"
EndProject
Project("{FAE04EC0-301F-11D3-BF4B-00C04F79EFBC}") = "LevelUp.Pos.ProposedOrderCalculator.Tests", "LevelUp.Pos.ProposedOrderCalculator.Tests\LevelUp.Pos.ProposedOrderCalculator.Tests.csproj", "{8853D549-FF71-4815-94E0-870649D75D98}"
EndProject
Project("{FAE04EC0-301F-11D3-BF4B-00C04F79EFBC}") = "LevelUp.Pos.ProposedOrderCalculator.Tests.Data", "LevelUp.Pos.ProposedOrderCalculator.Tests.Data\LevelUp.Pos.ProposedOrderCalculator.Tests.Data.csproj", "{88E8F04F-0E35-49FE-B4D0-268179A5A212}"
EndProject
Project("{2150E333-8FDC-42A3-9474-1A3956D46DE8}") = "Solution Items", "Solution Items", "{D838216D-8FCB-4572-8BD1-478A32B30048}"
	ProjectSection(SolutionItems) = preProject
		README.md = README.md
	EndProjectSection
EndProject
Global
	GlobalSection(SolutionConfigurationPlatforms) = preSolution
		Debug|Any CPU = Debug|Any CPU
		Release|Any CPU = Release|Any CPU
	EndGlobalSection
	GlobalSection(ProjectConfigurationPlatforms) = postSolution
		{F37D7723-D6CD-4880-8D1C-A38BE2924FA8}.Debug|Any CPU.ActiveCfg = Debug|Any CPU
		{F37D7723-D6CD-4880-8D1C-A38BE2924FA8}.Debug|Any CPU.Build.0 = Debug|Any CPU
		{F37D7723-D6CD-4880-8D1C-A38BE2924FA8}.Release|Any CPU.ActiveCfg = Release|Any CPU
		{F37D7723-D6CD-4880-8D1C-A38BE2924FA8}.Release|Any CPU.Build.0 = Release|Any CPU
		{8853D549-FF71-4815-94E0-870649D75D98}.Debug|Any CPU.ActiveCfg = Debug|Any CPU
		{8853D549-FF71-4815-94E0-870649D75D98}.Debug|Any CPU.Build.0 = Debug|Any CPU
		{8853D549-FF71-4815-94E0-870649D75D98}.Release|Any CPU.ActiveCfg = Release|Any CPU
		{8853D549-FF71-4815-94E0-870649D75D98}.Release|Any CPU.Build.0 = Release|Any CPU
		{88E8F04F-0E35-49FE-B4D0-268179A5A212}.Debug|Any CPU.ActiveCfg = Debug|Any CPU
		{88E8F04F-0E35-49FE-B4D0-268179A5A212}.Debug|Any CPU.Build.0 = Debug|Any CPU
		{88E8F04F-0E35-49FE-B4D0-268179A5A212}.Release|Any CPU.ActiveCfg = Release|Any CPU
		{88E8F04F-0E35-49FE-B4D0-268179A5A212}.Release|Any CPU.Build.0 = Release|Any CPU
	EndGlobalSection
	GlobalSection(SolutionProperties) = preSolution
		HideSolutionNode = FALSE
	EndGlobalSection
EndGlobal
